{
  "nodes": {
    "fenix": {
      "inputs": {
        "nixpkgs": [
          "nixpkgs"
        ],
        "rust-analyzer-src": "rust-analyzer-src"
      },
      "locked": {
        "lastModified": 1755585599,
        "narHash": "sha256-tl/0cnsqB/Yt7DbaGMel2RLa7QG5elA8lkaOXli6VdY=",
        "owner": "nix-community",
        "repo": "fenix",
        "rev": "6ed03ef4c8ec36d193c18e06b9ecddde78fb7e42",
        "type": "github"
      },
      "original": {
        "owner": "nix-community",
        "repo": "fenix",
        "type": "github"
      }
    },
    "flake-compat": {
      "flake": false,
      "locked": {
        "lastModified": 1747046372,
        "narHash": "sha256-CIVLLkVgvHYbgI2UpXvIIBJ12HWgX+fjA8Xf8PUmqCY=",
        "owner": "edolstra",
        "repo": "flake-compat",
        "rev": "9100a0f413b0c601e0533d1d94ffd501ce2e7885",
        "type": "github"
      },
      "original": {
        "owner": "edolstra",
        "repo": "flake-compat",
        "type": "github"
      }
    },
    "flake-utils": {
      "inputs": {
        "systems": "systems"
      },
      "locked": {
        "lastModified": 1731533236,
        "narHash": "sha256-l0KFg5HjrsfsO/JpG+r7fRrqm12kzFHyUHqHCVpMMbI=",
        "owner": "numtide",
        "repo": "flake-utils",
        "rev": "11707dc2f618dd54ca8739b309ec4fc024de578b",
        "type": "github"
      },
      "original": {
        "owner": "numtide",
        "repo": "flake-utils",
        "type": "github"
      }
    },
    "ghostty": {
      "inputs": {
        "flake-compat": "flake-compat",
        "flake-utils": "flake-utils",
        "nixpkgs": "nixpkgs",
        "zig": "zig",
        "zon2nix": "zon2nix"
      },
      "locked": {
        "lastModified": 1755899651,
        "narHash": "sha256-TRD1b1R8uCwyzritcrI4F+7Gd+aU8uQEJXO+1ImZL2Q=",
        "owner": "ghostty-org",
        "repo": "ghostty",
        "rev": "c014dd79f6f4526c1883f7bdbffda124ecf70f77",
        "type": "github"
      },
      "original": {
        "owner": "ghostty-org",
        "repo": "ghostty",
        "type": "github"
      }
    },
    "nixpkgs": {
      "locked": {
        "lastModified": 1748189127,
        "narHash": "sha256-zRDR+EbbeObu4V2X5QCd2Bk5eltfDlCr5yvhBwUT6pY=",
        "rev": "7c43f080a7f28b2774f3b3f43234ca11661bf334",
        "type": "tarball",
        "url": "https://releases.nixos.org/nixos/25.05/nixos-25.05.802491.7c43f080a7f2/nixexprs.tar.xz"
      },
      "original": {
        "type": "tarball",
        "url": "https://channels.nixos.org/nixos-25.05/nixexprs.tar.xz"
      }
    },
    "nixpkgs-unstable": {
      "locked": {
        "lastModified": 1755615617,
        "narHash": "sha256-HMwfAJBdrr8wXAkbGhtcby1zGFvs+StOp19xNsbqdOg=",
        "owner": "NixOS",
        "repo": "nixpkgs",
        "rev": "20075955deac2583bb12f07151c2df830ef346b4",
        "type": "github"
      },
      "original": {
        "id": "nixpkgs",
        "ref": "nixos-unstable",
        "type": "indirect"
      }
    },
    "nixpkgs_2": {
      "locked": {
        "lastModified": 1755704039,
        "narHash": "sha256-gKlP0LbyJ3qX0KObfIWcp5nbuHSb5EHwIvU6UcNBg2A=",
        "owner": "nixos",
        "repo": "nixpkgs",
        "rev": "9cb344e96d5b6918e94e1bca2d9f3ea1e9615545",
        "type": "github"
      },
      "original": {
        "owner": "nixos",
        "ref": "nixos-25.05",
        "repo": "nixpkgs",
        "type": "github"
      }
    },
    "nixpkgs_3": {
      "locked": {
        "lastModified": 1727348695,
        "narHash": "sha256-J+PeFKSDV+pHL7ukkfpVzCOO7mBSrrpJ3svwBFABbhI=",
        "owner": "nixos",
        "repo": "nixpkgs",
        "rev": "1925c603f17fc89f4c8f6bf6f631a802ad85d784",
        "type": "github"
      },
      "original": {
        "owner": "nixos",
        "ref": "nixos-unstable",
        "repo": "nixpkgs",
        "type": "github"
      }
    },
    "root": {
      "inputs": {
        "fenix": "fenix",
        "ghostty": "ghostty",
        "nixpkgs": "nixpkgs_2",
        "nixpkgs-unstable": "nixpkgs-unstable",
        "zen-browser": "zen-browser"
      }
    },
    "rust-analyzer-src": {
      "flake": false,
      "locked": {
        "lastModified": 1755504847,
        "narHash": "sha256-VX0B9hwhJypCGqncVVLC+SmeMVd/GAYbJZ0MiiUn2Pk=",
        "owner": "rust-lang",
        "repo": "rust-analyzer",
        "rev": "a905e3b21b144d77e1b304e49f3264f6f8d4db75",
        "type": "github"
      },
      "original": {
        "owner": "rust-lang",
        "ref": "nightly",
        "repo": "rust-analyzer",
        "type": "github"
      }
    },
    "systems": {
      "locked": {
        "lastModified": 1681028828,
        "narHash": "sha256-Vy1rq5AaRuLzOxct8nz4T6wlgyUR7zLU309k9mBC768=",
        "owner": "nix-systems",
        "repo": "default",
        "rev": "da67096a3b9bf56a91d16901293e51ba5b49a27e",
        "type": "github"
      },
      "original": {
        "owner": "nix-systems",
        "repo": "default",
        "type": "github"
      }
    },
    "zen-browser": {
      "inputs": {
        "nixpkgs": "nixpkgs_3"
      },
      "locked": {
        "lastModified": 1727721329,
        "narHash": "sha256-QYlWZwUSwrM7BuO+dXclZIwoPvBIuJr6GpFKv9XKFPI=",
        "owner": "MarceColl",
        "repo": "zen-browser-flake",
        "rev": "e6ab73f405e9a2896cce5956c549a9cc359e5fcc",
        "type": "github"
      },
      "original": {
        "owner": "MarceColl",
        "repo": "zen-browser-flake",
        "type": "github"
      }
    },
    "zig": {
      "inputs": {
        "flake-compat": [
          "ghostty",
          "flake-compat"
        ],
        "flake-utils": [
          "ghostty",
          "flake-utils"
        ],
        "nixpkgs": [
          "ghostty",
          "nixpkgs"
        ]
      },
      "locked": {
        "lastModified": 1748261582,
        "narHash": "sha256-3i0IL3s18hdDlbsf0/E+5kyPRkZwGPbSFngq5eToiAA=",
        "owner": "mitchellh",
        "repo": "zig-overlay",
        "rev": "aafb1b093fb838f7a02613b719e85ec912914221",
        "type": "github"
      },
      "original": {
        "owner": "mitchellh",
        "repo": "zig-overlay",
        "type": "github"
      }
    },
    "zon2nix": {
      "inputs": {
        "flake-utils": [
          "ghostty",
          "flake-utils"
        ],
        "nixpkgs": [
          "ghostty",
          "nixpkgs"
        ]
      },
      "locked": {
        "lastModified": 1742104771,
        "narHash": "sha256-LhidlyEA9MP8jGe1rEnyjGFCzLLgCdDpYeWggibayr0=",
        "owner": "jcollie",
        "repo": "zon2nix",
        "rev": "56c159be489cc6c0e73c3930bd908ddc6fe89613",
        "type": "github"
      },
      "original": {
        "owner": "jcollie",
        "repo": "zon2nix",
        "rev": "56c159be489cc6c0e73c3930bd908ddc6fe89613",
        "type": "github"
      }
    }
  },
  "root": "root",
  "version": 7
}
